
Microsoft Visual Studio Solution File, Format Version 12.00
# Visual Studio Version 17
VisualStudioVersion = 17.13.35919.96 d17.13
MinimumVisualStudioVersion = 10.0.40219.1
Project("{FAE04EC0-301F-11D3-BF4B-00C04F79EFBC}") = "NorthwindOrderManager.API", "NorthwindOrderManager.API\NorthwindOrderManager.API.csproj", "{80797767-D475-4617-B36D-CE5E517BBED0}"
EndProject
Project("{FAE04EC0-301F-11D3-BF4B-00C04F79EFBC}") = "NorthwindOrderManager.Application", "NorthwindOrderManager.Application\NorthwindOrderManager.Application.csproj", "{3830EBA4-8EAB-4FAF-BEC8-AFE167A3BE07}"
EndProject
Project("{FAE04EC0-301F-11D3-BF4B-00C04F79EFBC}") = "NorthwindOrderManager.Domain", "NorthwindOrderManager.Domain\NorthwindOrderManager.Domain.csproj", "{24681BAC-2DE4-4776-A050-7DC8DFB12C09}"
EndProject
Project("{FAE04EC0-301F-11D3-BF4B-00C04F79EFBC}") = "NorthwindOrderManager.Infrastructure", "NorthwindOrderManager.Infrastructure\NorthwindOrderManager.Infrastructure.csproj", "{12FB6C15-121C-4C0D-83C8-43C1B898A009}"
EndProject
Global
	GlobalSection(SolutionConfigurationPlatforms) = preSolution
		Debug|Any CPU = Debug|Any CPU
		Release|Any CPU = Release|Any CPU
	EndGlobalSection
	GlobalSection(ProjectConfigurationPlatforms) = postSolution
		{80797767-D475-4617-B36D-CE5E517BBED0}.Debug|Any CPU.ActiveCfg = Debug|Any CPU
		{80797767-D475-4617-B36D-CE5E517BBED0}.Debug|Any CPU.Build.0 = Debug|Any CPU
		{80797767-D475-4617-B36D-CE5E517BBED0}.Release|Any CPU.ActiveCfg = Release|Any CPU
		{80797767-D475-4617-B36D-CE5E517BBED0}.Release|Any CPU.Build.0 = Release|Any CPU
		{3830EBA4-8EAB-4FAF-BEC8-AFE167A3BE07}.Debug|Any CPU.ActiveCfg = Debug|Any CPU
		{3830EBA4-8EAB-4FAF-BEC8-AFE167A3BE07}.Debug|Any CPU.Build.0 = Debug|Any CPU
		{3830EBA4-8EAB-4FAF-BEC8-AFE167A3BE07}.Release|Any CPU.ActiveCfg = Release|Any CPU
		{3830EBA4-8EAB-4FAF-BEC8-AFE167A3BE07}.Release|Any CPU.Build.0 = Release|Any CPU
		{24681BAC-2DE4-4776-A050-7DC8DFB12C09}.Debug|Any CPU.ActiveCfg = Debug|Any CPU
		{24681BAC-2DE4-4776-A050-7DC8DFB12C09}.Debug|Any CPU.Build.0 = Debug|Any CPU
		{24681BAC-2DE4-4776-A050-7DC8DFB12C09}.Release|Any CPU.ActiveCfg = Release|Any CPU
		{24681BAC-2DE4-4776-A050-7DC8DFB12C09}.Release|Any CPU.Build.0 = Release|Any CPU
		{12FB6C15-121C-4C0D-83C8-43C1B898A009}.Debug|Any CPU.ActiveCfg = Debug|Any CPU
		{12FB6C15-121C-4C0D-83C8-43C1B898A009}.Debug|Any CPU.Build.0 = Debug|Any CPU
		{12FB6C15-121C-4C0D-83C8-43C1B898A009}.Release|Any CPU.ActiveCfg = Release|Any CPU
		{12FB6C15-121C-4C0D-83C8-43C1B898A009}.Release|Any CPU.Build.0 = Release|Any CPU
	EndGlobalSection
	GlobalSection(SolutionProperties) = preSolution
		HideSolutionNode = FALSE
	EndGlobalSection
	GlobalSection(ExtensibilityGlobals) = postSolution
		SolutionGuid = {D400FE40-4A04-4007-892C-6D49C4D6F0D8}
	EndGlobalSection
EndGlobal
